<?xml version="1.0" encoding="utf-8"?>
<Project ToolsVersion="4.0" xmlns="http://schemas.microsoft.com/developer/msbuild/2003">
  <ItemGroup>
    <Filter Include="源文件">
      <UniqueIdentifier>{4FC737F1-C7A5-4376-A066-2A32D752A2FF}</UniqueIdentifier>
      <Extensions>cpp;c;cc;cxx;def;odl;idl;hpj;bat;asm;asmx</Extensions>
    </Filter>
    <Filter Include="头文件">
      <UniqueIdentifier>{93995380-89BD-4b04-88EB-625FBE52EBFB}</UniqueIdentifier>
      <Extensions>h;hh;hpp;hxx;hm;inl;inc;xsd</Extensions>
    </Filter>
    <Filter Include="资源文件">
      <UniqueIdentifier>{67DA6AB6-F800-4c08-8B7A-83BB121AAD01}</UniqueIdentifier>
      <Extensions>rc;ico;cur;bmp;dlg;rc2;rct;bin;rgs;gif;jpg;jpeg;jpe;resx;tiff;tif;png;wav;mfcribbon-ms</Extensions>
    </Filter>
    <Filter Include="源文件\main">
      <UniqueIdentifier>{6a69b26b-39b0-4e58-aa39-defaf5329e25}</UniqueIdentifier>
    </Filter>
    <Filter Include="头文件\main_include">
      <UniqueIdentifier>{77ab9523-c433-486e-a3e9-720fed9449be}</UniqueIdentifier>
    </Filter>
    <Filter Include="头文件\thirdParty_useNeeds">
      <UniqueIdentifier>{14662288-b293-411a-a0f9-ab01c068c6c7}</UniqueIdentifier>
    </Filter>
    <Filter Include="头文件\thirdParty_useNeeds\useDirectShow">
      <UniqueIdentifier>{15ff84eb-6c16-4e10-8590-7b44f2705fe7}</UniqueIdentifier>
    </Filter>
    <Filter Include="源文件\sub">
      <UniqueIdentifier>{471e2c5a-f31a-4422-b24c-1fccf8da9733}</UniqueIdentifier>
    </Filter>
    <Filter Include="源文件\sub\useDirectShow">
      <UniqueIdentifier>{e668c994-7c0b-411b-ba57-c582afdfacf4}</UniqueIdentifier>
    </Filter>
    <Filter Include="头文件\cppFileX_include.h">
      <UniqueIdentifier>{85f987c6-e85c-459f-88a8-41e3e3c33bb0}</UniqueIdentifier>
    </Filter>
    <Filter Include="头文件\cppFileX_namespace_include.h">
      <UniqueIdentifier>{138885ae-a6a3-475c-9c37-12317185d5dd}</UniqueIdentifier>
    </Filter>
    <Filter Include="头文件\cppFileX_namespace_include.h\useDirectShow.cpp">
      <UniqueIdentifier>{e9057cf2-9a5e-483c-a19a-8b112e2a2e1e}</UniqueIdentifier>
    </Filter>
    <Filter Include="头文件\cppFileX_namespace_useThis.h">
      <UniqueIdentifier>{57e94da9-1681-4459-af36-0f059ac3fda4}</UniqueIdentifier>
    </Filter>
    <Filter Include="头文件\cppFileX_include.h\useDirectShow.cpp">
      <UniqueIdentifier>{6f2686f2-7cbb-40e4-82d0-5c19d0944651}</UniqueIdentifier>
    </Filter>
    <Filter Include="头文件\cppFileX_namespace_useThis.h\useDirectShow.cpp">
      <UniqueIdentifier>{9c4e5b58-cba8-4c92-b723-130d2f12d510}</UniqueIdentifier>
    </Filter>
  </ItemGroup>
  <ItemGroup>
    <ClCompile Include="main\main.cpp">
      <Filter>源文件\main</Filter>
    </ClCompile>
    <ClCompile Include="source\sub\useDirectShow\useDirectShow.cpp">
      <Filter>源文件\sub\useDirectShow</Filter>
    </ClCompile>
    <ClCompile Include="source\functionSets\procedure_playAFile\playAFile.cpp">
      <Filter>源文件</Filter>
    </ClCompile>
  </ItemGroup>
  <ItemGroup>
    <ClInclude Include="main\main_include.hpp">
      <Filter>头文件\main_include</Filter>
    </ClInclude>
    <ClInclude Include="header\thirdParty_useNeeds\useDirectShow\useDirectShow_needsInclude.hpp">
      <Filter>头文件\thirdParty_useNeeds\useDirectShow</Filter>
    </ClInclude>
    <ClInclude Include="source\sub\useDirectShow\useDirectShow_include.hpp">
      <Filter>头文件\cppFileX_include.h\useDirectShow.cpp</Filter>
    </ClInclude>
    <ClInclude Include="source\sub\useDirectShow\useDirectShow_namespace_include.hpp">
      <Filter>头文件\cppFileX_namespace_include.h\useDirectShow.cpp</Filter>
    </ClInclude>
    <ClInclude Include="source\sub\useDirectShow\useDirectShow_namespace_useThis.hpp">
      <Filter>头文件\cppFileX_namespace_useThis.h\useDirectShow.cpp</Filter>
    </ClInclude>
    <ClInclude Include="header\thirdParty_procedureNeedUses\directShowUse\directShowUseProcedure_all_include.hpp">
      <Filter>头文件</Filter>
    </ClInclude>
    <ClInclude Include="source\functionSets\procedure_playAFile\thirdPartUse_include\directShow_use\playAFile_wantToUseDirectShow_playMovie.hpp">
      <Filter>头文件</Filter>
    </ClInclude>
    <ClInclude Include="source\functionSets\procedure_playAFile\playAFile_include.hpp">
      <Filter>头文件</Filter>
    </ClInclude>
    <ClInclude Include="source\functionSets\procedure_playAFile\playAFile_namespace_include.hpp">
      <Filter>头文件</Filter>
    </ClInclude>
    <ClInclude Include="source\functionSets\procedure_playAFile\playAFile_namespace_useThis.hpp">
      <Filter>头文件</Filter>
    </ClInclude>
    <ClInclude Include="source\functionSets\procedure_playAFile\playAFile_thirdPartyUse_include.hpp">
      <Filter>头文件</Filter>
    </ClInclude>
  </ItemGroup>
  <ItemGroup>
    <None Include="ClassDiagram.cd" />
  </ItemGroup>
</Project>