<?xml version="1.0" encoding="utf-8"?>
<Project ToolsVersion="4.0" xmlns="http://schemas.microsoft.com/developer/msbuild/2003">
  <ItemGroup>
    <Filter Include="源文件">
      <UniqueIdentifier>{4FC737F1-C7A5-4376-A066-2A32D752A2FF}</UniqueIdentifier>
      <Extensions>cpp;c;cc;cxx;def;odl;idl;hpj;bat;asm;asmx</Extensions>
    </Filter>
    <Filter Include="头文件">
      <UniqueIdentifier>{93995380-89BD-4b04-88EB-625FBE52EBFB}</UniqueIdentifier>
      <Extensions>h;hh;hpp;hxx;hm;inl;inc;xsd</Extensions>
    </Filter>
    <Filter Include="资源文件">
      <UniqueIdentifier>{67DA6AB6-F800-4c08-8B7A-83BB121AAD01}</UniqueIdentifier>
      <Extensions>rc;ico;cur;bmp;dlg;rc2;rct;bin;rgs;gif;jpg;jpeg;jpe;resx;tiff;tif;png;wav;mfcribbon-ms</Extensions>
    </Filter>
    <Filter Include="源文件\main">
      <UniqueIdentifier>{660f577e-45ab-4e2b-a069-018b7ddb244c}</UniqueIdentifier>
    </Filter>
    <Filter Include="源文件\sub">
      <UniqueIdentifier>{1882a99d-4210-4ea7-a204-9a52b8725198}</UniqueIdentifier>
    </Filter>
    <Filter Include="源文件\unTidied">
      <UniqueIdentifier>{b5983f92-a7cb-4223-81a1-16b0e10c2b37}</UniqueIdentifier>
    </Filter>
    <Filter Include="源文件\sub\direct2D">
      <UniqueIdentifier>{ce7eb164-868c-45bf-b90d-11314c2de9e3}</UniqueIdentifier>
    </Filter>
    <Filter Include="源文件\sub\windows">
      <UniqueIdentifier>{a4aed954-291d-45b6-9615-c366c3df78f3}</UniqueIdentifier>
    </Filter>
    <Filter Include="源文件\toolsAndWheels">
      <UniqueIdentifier>{b2b5f9cb-e5ba-42ed-aa92-247ea2642a22}</UniqueIdentifier>
    </Filter>
    <Filter Include="源文件\common">
      <UniqueIdentifier>{4bc3f441-7721-4a38-9f87-3557de4f21be}</UniqueIdentifier>
    </Filter>
    <Filter Include="源文件\toolsAndWheels\safeRelease">
      <UniqueIdentifier>{d3770251-40dc-4f54-ab64-e57746bd757c}</UniqueIdentifier>
      <SourceControlFiles>False</SourceControlFiles>
      <ParseFiles>false</ParseFiles>
    </Filter>
    <Filter Include="源文件\sub\direct2D\specificNeeds">
      <UniqueIdentifier>{ac4cb480-e8ac-4ef0-babd-daf99fe3328d}</UniqueIdentifier>
    </Filter>
    <Filter Include="源文件\sub\direct2D\supportedOn">
      <UniqueIdentifier>{f2fda830-634a-4f81-b21a-2a388cbb6f4d}</UniqueIdentifier>
    </Filter>
    <Filter Include="源文件\sub\direct2D\supportedOn\d2d1">
      <UniqueIdentifier>{70b73696-94c4-4983-a526-1bb6c68d4444}</UniqueIdentifier>
    </Filter>
    <Filter Include="源文件\sub\direct2D\specificNeeds\d2d1Needs">
      <UniqueIdentifier>{36328998-79e2-4469-8012-eb8dae9a6859}</UniqueIdentifier>
      <ParseFiles>false</ParseFiles>
      <SourceControlFiles>False</SourceControlFiles>
    </Filter>
    <Filter Include="源文件\sub\direct2D\specificNeeds\d2d1Needs\SafeRelease">
      <UniqueIdentifier>{5684135e-201b-4948-ad1d-96b327d0619c}</UniqueIdentifier>
      <SourceControlFiles>False</SourceControlFiles>
    </Filter>
  </ItemGroup>
  <ItemGroup>
    <ClCompile Include="main\main.cpp">
      <Filter>源文件\main</Filter>
    </ClCompile>
    <ClCompile Include="sub\direct2D\direct2D_unTidied.cpp">
      <Filter>源文件\sub\direct2D</Filter>
    </ClCompile>
    <ClCompile Include="toolsAndWheels\safeRelease\safeRelease.cpp">
      <Filter>源文件\toolsAndWheels\safeRelease</Filter>
    </ClCompile>
    <ClCompile Include="sub\direct2D\specificNeeds\d2d1Needs\SafeRelease\SafeRelease.cpp">
      <Filter>源文件\sub\direct2D\specificNeeds\d2d1Needs\SafeRelease</Filter>
    </ClCompile>
  </ItemGroup>
  <ItemGroup>
    <ClInclude Include="main\main_include.hpp">
      <Filter>源文件\main</Filter>
    </ClInclude>
    <ClInclude Include="sub\direct2D\direct2D_supplyOut.h">
      <Filter>源文件\sub\direct2D</Filter>
    </ClInclude>
    <ClInclude Include="sub\direct2D\d2d1_use.h">
      <Filter>源文件\sub\direct2D</Filter>
    </ClInclude>
    <ClInclude Include="sub\windows\windows_use.h">
      <Filter>源文件\sub\windows</Filter>
    </ClInclude>
    <ClInclude Include="sub\direct2D\direct2D_unTidied_include.h">
      <Filter>源文件\sub\direct2D</Filter>
    </ClInclude>
    <ClInclude Include="sub\direct2D\direct2D.h">
      <Filter>源文件\sub\direct2D</Filter>
    </ClInclude>
    <ClInclude Include="toolsAndWheels\safeRelease\safeRelease.hpp">
      <Filter>源文件\toolsAndWheels\safeRelease</Filter>
    </ClInclude>
    <ClInclude Include="sub\direct2D\specificNeeds\d2d1Needs\SafeRelease\direct2D_specificNeeds_d2d1NeedsSafeRelease.h">
      <Filter>源文件\sub\direct2D\specificNeeds\d2d1Needs\SafeRelease</Filter>
    </ClInclude>
    <ClInclude Include="sub\direct2D\specificNeeds\d2d1Needs\SafeRelease\SafeRelease.h">
      <Filter>源文件\sub\direct2D\specificNeeds\d2d1Needs\SafeRelease</Filter>
    </ClInclude>
  </ItemGroup>
</Project>